{
  "name": "cables-daplaya-build-env",
  "version": "0.2.0",
  "lockfileVersion": 2,
  "requires": true,
  "packages": {
    "": {
      "name": "cables-daplaya-build-env",
      "version": "0.2.0",
      "license": "MIT"
    },
    "src": {
      "name": "cables-daplaya",
      "version": "0.2.0",
      "extraneous": true,
      "license": "MIT",
      "dependencies": {
        "adm-zip": "0.4.11"
      }
    }
  }
}
