# THIS IS AN AUTOGENERATED FILE. DO NOT EDIT THIS FILE DIRECTLY.
# yarn lockfile v1


adm-zip@0.4.11:
  version "0.4.11"
  resolved "https://registry.yarnpkg.com/adm-zip/-/adm-zip-0.4.11.tgz#2aa54c84c4b01a9d0fb89bb11982a51f13e3d62a"
  integrity sha512-L8vcjDTCOIJk7wFvmlEUN7AsSb8T+2JrdP7KINBjzr24TJ5Mwj590sLu3BC7zNZowvJWa/JtPmD8eJCzdtDWjA==

electron-root-path@1.0.9:
  version "1.0.9"
  resolved "https://registry.yarnpkg.com/electron-root-path/-/electron-root-path-1.0.9.tgz#0e50fae5b32d1ebb2c3f6417cfe46b0642e4c241"
  integrity sha512-THxJfNqN2Cz56z/eMskdpz6vaZ7nIOAU/82Ia5VWhfk/4uWY/nCI+6xRYUcKsiI1fu7Y6/SxRejaqSBmvlh9bw==
