{
    "name": "cables-daplaya",
    "version": "0.2.0",
    "lockfileVersion": 2,
    "requires": true,
    "packages": {
        "": {
            "name": "cables-daplaya",
            "version": "0.2.0",
            "license": "MIT",
            "dependencies": {
                "adm-zip": "0.4.11"
            }
        },
        "node_modules/adm-zip": {
            "version": "0.4.11",
            "resolved": "https://registry.npmjs.org/adm-zip/-/adm-zip-0.4.11.tgz",
            "integrity": "sha512-L8vcjDTCOIJk7wFvmlEUN7AsSb8T+2JrdP7KINBjzr24TJ5Mwj590sLu3BC7zNZowvJWa/JtPmD8eJCzdtDWjA==",
            "engines": {
                "node": ">=0.3.0"
            }
        }
    },
    "dependencies": {
        "adm-zip": {
            "version": "0.4.11",
            "resolved": "https://registry.npmjs.org/adm-zip/-/adm-zip-0.4.11.tgz",
            "integrity": "sha512-L8vcjDTCOIJk7wFvmlEUN7AsSb8T+2JrdP7KINBjzr24TJ5Mwj590sLu3BC7zNZowvJWa/JtPmD8eJCzdtDWjA=="
        }
    }
}
